
Microsoft Visual Studio Solution File, Format Version 12.00
# Visual Studio Version 16
VisualStudioVersion = 16.0.29911.84
MinimumVisualStudioVersion = 10.0.40219.1
Project("{FAE04EC0-301F-11D3-BF4B-00C04F79EFBC}") = "zajecia3", "zajecia3.csproj", "{CF877FF4-4EAC-46F2-A255-604FC99C1924}"
EndProject
Global
	GlobalSection(SolutionConfigurationPlatforms) = preSolution
		Debug|Any CPU = Debug|Any CPU
		Release|Any CPU = Release|Any CPU
	EndGlobalSection
	GlobalSection(ProjectConfigurationPlatforms) = postSolution
		{CF877FF4-4EAC-46F2-A255-604FC99C1924}.Debug|Any CPU.ActiveCfg = Debug|Any CPU
		{CF877FF4-4EAC-46F2-A255-604FC99C1924}.Debug|Any CPU.Build.0 = Debug|Any CPU
		{CF877FF4-4EAC-46F2-A255-604FC99C1924}.Release|Any CPU.ActiveCfg = Release|Any CPU
		{CF877FF4-4EAC-46F2-A255-604FC99C1924}.Release|Any CPU.Build.0 = Release|Any CPU
	EndGlobalSection
	GlobalSection(SolutionProperties) = preSolution
		HideSolutionNode = FALSE
	EndGlobalSection
	GlobalSection(ExtensibilityGlobals) = postSolution
		SolutionGuid = {54160633-8149-4B1C-9CD2-39AD50BD11CA}
	EndGlobalSection
EndGlobal
